
Microsoft Visual Studio Solution File, Format Version 12.00
# Visual Studio 15
VisualStudioVersion = 15.0.28010.2036
MinimumVisualStudioVersion = 10.0.40219.1
Project("{FAE04EC0-301F-11D3-BF4B-00C04F79EFBC}") = "WebApplication1", "WebApplication1\WebApplication1.csproj", "{4EA2B7DB-D713-49DE-8C16-D56DD5B2968C}"
EndProject
Global
	GlobalSection(SolutionConfigurationPlatforms) = preSolution
		Debug|Any CPU = Debug|Any CPU
		Release|Any CPU = Release|Any CPU
	EndGlobalSection
	GlobalSection(ProjectConfigurationPlatforms) = postSolution
		{4EA2B7DB-D713-49DE-8C16-D56DD5B2968C}.Debug|Any CPU.ActiveCfg = Debug|Any CPU
		{4EA2B7DB-D713-49DE-8C16-D56DD5B2968C}.Debug|Any CPU.Build.0 = Debug|Any CPU
		{4EA2B7DB-D713-49DE-8C16-D56DD5B2968C}.Release|Any CPU.ActiveCfg = Release|Any CPU
		{4EA2B7DB-D713-49DE-8C16-D56DD5B2968C}.Release|Any CPU.Build.0 = Release|Any CPU
	EndGlobalSection
	GlobalSection(SolutionProperties) = preSolution
		HideSolutionNode = FALSE
	EndGlobalSection
	GlobalSection(ExtensibilityGlobals) = postSolution
		SolutionGuid = {11A17576-1CF7-47C3-93DA-D0BC80EC1316}
	EndGlobalSection
EndGlobal
